
Microsoft Visual Studio Solution File, Format Version 12.00
# Visual Studio Version 17
VisualStudioVersion = 17.6.33801.468
MinimumVisualStudioVersion = 10.0.40219.1
Project("{9A19103F-16F7-4668-BE54-9A1E7A4F7556}") = "Server", "Server\Server.csproj", "{09937649-CD74-4865-AD25-23D4D3759928}"
EndProject
Project("{9A19103F-16F7-4668-BE54-9A1E7A4F7556}") = "ServerCore", "ServerCore\ServerCore.csproj", "{4D045100-2B61-4F78-8974-12742264FEC1}"
EndProject
Project("{9A19103F-16F7-4668-BE54-9A1E7A4F7556}") = "DummyClient", "DummyClient\DummyClient.csproj", "{915E230A-F310-42F5-9DF0-09242E88D15B}"
EndProject
Project("{FAE04EC0-301F-11D3-BF4B-00C04F79EFBC}") = "PacketGenerator", "PacketGenerator\PacketGenerator.csproj", "{CAF7D8B5-739A-4694-8E25-6748EF8D8C69}"
EndProject
Global
	GlobalSection(SolutionConfigurationPlatforms) = preSolution
		Debug|Any CPU = Debug|Any CPU
		Release|Any CPU = Release|Any CPU
	EndGlobalSection
	GlobalSection(ProjectConfigurationPlatforms) = postSolution
		{09937649-CD74-4865-AD25-23D4D3759928}.Debug|Any CPU.ActiveCfg = Debug|Any CPU
		{09937649-CD74-4865-AD25-23D4D3759928}.Debug|Any CPU.Build.0 = Debug|Any CPU
		{09937649-CD74-4865-AD25-23D4D3759928}.Release|Any CPU.ActiveCfg = Release|Any CPU
		{09937649-CD74-4865-AD25-23D4D3759928}.Release|Any CPU.Build.0 = Release|Any CPU
		{4D045100-2B61-4F78-8974-12742264FEC1}.Debug|Any CPU.ActiveCfg = Debug|Any CPU
		{4D045100-2B61-4F78-8974-12742264FEC1}.Debug|Any CPU.Build.0 = Debug|Any CPU
		{4D045100-2B61-4F78-8974-12742264FEC1}.Release|Any CPU.ActiveCfg = Release|Any CPU
		{4D045100-2B61-4F78-8974-12742264FEC1}.Release|Any CPU.Build.0 = Release|Any CPU
		{915E230A-F310-42F5-9DF0-09242E88D15B}.Debug|Any CPU.ActiveCfg = Debug|Any CPU
		{915E230A-F310-42F5-9DF0-09242E88D15B}.Debug|Any CPU.Build.0 = Debug|Any CPU
		{915E230A-F310-42F5-9DF0-09242E88D15B}.Release|Any CPU.ActiveCfg = Release|Any CPU
		{915E230A-F310-42F5-9DF0-09242E88D15B}.Release|Any CPU.Build.0 = Release|Any CPU
		{CAF7D8B5-739A-4694-8E25-6748EF8D8C69}.Debug|Any CPU.ActiveCfg = Debug|Any CPU
		{CAF7D8B5-739A-4694-8E25-6748EF8D8C69}.Debug|Any CPU.Build.0 = Debug|Any CPU
		{CAF7D8B5-739A-4694-8E25-6748EF8D8C69}.Release|Any CPU.ActiveCfg = Release|Any CPU
		{CAF7D8B5-739A-4694-8E25-6748EF8D8C69}.Release|Any CPU.Build.0 = Release|Any CPU
	EndGlobalSection
	GlobalSection(SolutionProperties) = preSolution
		HideSolutionNode = FALSE
	EndGlobalSection
	GlobalSection(ExtensibilityGlobals) = postSolution
		SolutionGuid = {28C4CFC0-769F-42AB-ACD8-F6442CB1C7B9}
	EndGlobalSection
EndGlobal
